
Microsoft Visual Studio Solution File, Format Version 12.00
# Visual Studio Version 17
VisualStudioVersion = 17.11.35222.181
MinimumVisualStudioVersion = 10.0.40219.1
Project("{FAE04EC0-301F-11D3-BF4B-00C04F79EFBC}") = "Assignmenton2", "Assignmenton2\Assignmenton2.csproj", "{64F27385-D70F-47AB-A206-248AE5E27EF0}"
EndProject
Global
	GlobalSection(SolutionConfigurationPlatforms) = preSolution
		Debug|Any CPU = Debug|Any CPU
		Release|Any CPU = Release|Any CPU
	EndGlobalSection
	GlobalSection(ProjectConfigurationPlatforms) = postSolution
		{64F27385-D70F-47AB-A206-248AE5E27EF0}.Debug|Any CPU.ActiveCfg = Debug|Any CPU
		{64F27385-D70F-47AB-A206-248AE5E27EF0}.Debug|Any CPU.Build.0 = Debug|Any CPU
		{64F27385-D70F-47AB-A206-248AE5E27EF0}.Release|Any CPU.ActiveCfg = Release|Any CPU
		{64F27385-D70F-47AB-A206-248AE5E27EF0}.Release|Any CPU.Build.0 = Release|Any CPU
	EndGlobalSection
	GlobalSection(SolutionProperties) = preSolution
		HideSolutionNode = FALSE
	EndGlobalSection
	GlobalSection(ExtensibilityGlobals) = postSolution
		SolutionGuid = {35093119-B782-4318-A43C-CBF87280DD6E}
	EndGlobalSection
EndGlobal
